
Microsoft Visual Studio Solution File, Format Version 12.00
# Visual Studio Version 16
VisualStudioVersion = 16.0.29519.87
MinimumVisualStudioVersion = 10.0.40219.1
Project("{FAE04EC0-301F-11D3-BF4B-00C04F79EFBC}") = "EmployeesApp", "EmployeesApp\EmployeesApp.csproj", "{0EB80CDC-F622-4166-9E83-201E876D332D}"
EndProject
Global
	GlobalSection(SolutionConfigurationPlatforms) = preSolution
		Debug|Any CPU = Debug|Any CPU
		Release|Any CPU = Release|Any CPU
	EndGlobalSection
	GlobalSection(ProjectConfigurationPlatforms) = postSolution
		{0EB80CDC-F622-4166-9E83-201E876D332D}.Debug|Any CPU.ActiveCfg = Debug|Any CPU
		{0EB80CDC-F622-4166-9E83-201E876D332D}.Debug|Any CPU.Build.0 = Debug|Any CPU
		{0EB80CDC-F622-4166-9E83-201E876D332D}.Release|Any CPU.ActiveCfg = Release|Any CPU
		{0EB80CDC-F622-4166-9E83-201E876D332D}.Release|Any CPU.Build.0 = Release|Any CPU
	EndGlobalSection
	GlobalSection(SolutionProperties) = preSolution
		HideSolutionNode = FALSE
	EndGlobalSection
	GlobalSection(ExtensibilityGlobals) = postSolution
		SolutionGuid = {2FBB54CD-D19B-49AE-8390-33BC253A70A8}
	EndGlobalSection
EndGlobal
